
Microsoft Visual Studio Solution File, Format Version 12.00
# Visual Studio 2013
VisualStudioVersion = 12.0.31101.0
MinimumVisualStudioVersion = 10.0.40219.1
Project("{FAE04EC0-301F-11D3-BF4B-00C04F79EFBC}") = "InterviewPractice", "InterviewPractice\InterviewPractice.csproj", "{22652A41-88D7-4FFA-BB92-7BEFF0994363}"
EndProject
Project("{FAE04EC0-301F-11D3-BF4B-00C04F79EFBC}") = "InterviewPractice.Tests", "InterviewPractice.Tests\InterviewPractice.Tests.csproj", "{7505C796-F1BC-446C-861D-7F7A6B2A87B9}"
EndProject
Global
	GlobalSection(SolutionConfigurationPlatforms) = preSolution
		Debug|Any CPU = Debug|Any CPU
		Release|Any CPU = Release|Any CPU
	EndGlobalSection
	GlobalSection(ProjectConfigurationPlatforms) = postSolution
		{22652A41-88D7-4FFA-BB92-7BEFF0994363}.Debug|Any CPU.ActiveCfg = Debug|Any CPU
		{22652A41-88D7-4FFA-BB92-7BEFF0994363}.Debug|Any CPU.Build.0 = Debug|Any CPU
		{22652A41-88D7-4FFA-BB92-7BEFF0994363}.Release|Any CPU.ActiveCfg = Release|Any CPU
		{22652A41-88D7-4FFA-BB92-7BEFF0994363}.Release|Any CPU.Build.0 = Release|Any CPU
		{7505C796-F1BC-446C-861D-7F7A6B2A87B9}.Debug|Any CPU.ActiveCfg = Debug|Any CPU
		{7505C796-F1BC-446C-861D-7F7A6B2A87B9}.Debug|Any CPU.Build.0 = Debug|Any CPU
		{7505C796-F1BC-446C-861D-7F7A6B2A87B9}.Release|Any CPU.ActiveCfg = Release|Any CPU
		{7505C796-F1BC-446C-861D-7F7A6B2A87B9}.Release|Any CPU.Build.0 = Release|Any CPU
	EndGlobalSection
	GlobalSection(SolutionProperties) = preSolution
		HideSolutionNode = FALSE
	EndGlobalSection
EndGlobal
